
Microsoft Visual Studio Solution File, Format Version 12.00
# Visual Studio Version 16
VisualStudioVersion = 16.0.30503.244
MinimumVisualStudioVersion = 10.0.40219.1
Project("{FAE04EC0-301F-11D3-BF4B-00C04F79EFBC}") = "LinqTask14", "LinqTask14\LinqTask14.csproj", "{6865D77C-D963-4837-86BD-F296831E1337}"
EndProject
Global
	GlobalSection(SolutionConfigurationPlatforms) = preSolution
		Debug|Any CPU = Debug|Any CPU
		Release|Any CPU = Release|Any CPU
	EndGlobalSection
	GlobalSection(ProjectConfigurationPlatforms) = postSolution
		{6865D77C-D963-4837-86BD-F296831E1337}.Debug|Any CPU.ActiveCfg = Debug|Any CPU
		{6865D77C-D963-4837-86BD-F296831E1337}.Debug|Any CPU.Build.0 = Debug|Any CPU
		{6865D77C-D963-4837-86BD-F296831E1337}.Release|Any CPU.ActiveCfg = Release|Any CPU
		{6865D77C-D963-4837-86BD-F296831E1337}.Release|Any CPU.Build.0 = Release|Any CPU
	EndGlobalSection
	GlobalSection(SolutionProperties) = preSolution
		HideSolutionNode = FALSE
	EndGlobalSection
	GlobalSection(ExtensibilityGlobals) = postSolution
		SolutionGuid = {2AA96FA9-A647-439B-B0B1-9BC2CBDA7FFE}
	EndGlobalSection
EndGlobal
